
Microsoft Visual Studio Solution File, Format Version 10.00
# Visual Studio 2008
Project("{F14B399A-7131-4C87-9E4B-1186C45EF12D}") = "SSRSDiagnostics Report Pack Upgraded", "SSRSDiagnostics Report Pack Upgraded\SSRSDiagnostics Report Pack Upgraded.rptproj", "{DFC59D20-5ED4-42BE-8FEB-F9425B96E678}"
EndProject
Global
	GlobalSection(SolutionConfigurationPlatforms) = preSolution
		Debug|Default = Debug|Default
		DebugLocal|Default = DebugLocal|Default
		Release|Default = Release|Default
	EndGlobalSection
	GlobalSection(ProjectConfigurationPlatforms) = postSolution
		{DFC59D20-5ED4-42BE-8FEB-F9425B96E678}.Debug|Default.ActiveCfg = Debug
		{DFC59D20-5ED4-42BE-8FEB-F9425B96E678}.Debug|Default.Build.0 = DebugLocal
		{DFC59D20-5ED4-42BE-8FEB-F9425B96E678}.Debug|Default.Deploy.0 = DebugLocal
		{DFC59D20-5ED4-42BE-8FEB-F9425B96E678}.DebugLocal|Default.ActiveCfg = DebugLocal
		{DFC59D20-5ED4-42BE-8FEB-F9425B96E678}.DebugLocal|Default.Build.0 = DebugLocal
		{DFC59D20-5ED4-42BE-8FEB-F9425B96E678}.Release|Default.ActiveCfg = Release
		{DFC59D20-5ED4-42BE-8FEB-F9425B96E678}.Release|Default.Build.0 = Release
		{DFC59D20-5ED4-42BE-8FEB-F9425B96E678}.Release|Default.Deploy.0 = Release
	EndGlobalSection
	GlobalSection(SolutionProperties) = preSolution
		HideSolutionNode = FALSE
	EndGlobalSection
EndGlobal
